
Microsoft Visual Studio Solution File, Format Version 12.00
# Visual Studio Version 17
VisualStudioVersion = 17.4.33205.214
MinimumVisualStudioVersion = 10.0.40219.1
Project("{FAE04EC0-301F-11D3-BF4B-00C04F79EFBC}") = "ManagerCoffeeShop", "ManagerCoffeeShop\ManagerCoffeeShop.csproj", "{BAAC598E-67BD-470E-BDF9-BAA1F1C95F5B}"
EndProject
Project("{9A19103F-16F7-4668-BE54-9A1E7A4F7556}") = "NUnitTesting", "NUnitTesting\NUnitTesting.csproj", "{313FC384-3B34-4E92-A374-5D8ABE60C8CC}"
EndProject
Global
	GlobalSection(SolutionConfigurationPlatforms) = preSolution
		Debug|Any CPU = Debug|Any CPU
		Release|Any CPU = Release|Any CPU
	EndGlobalSection
	GlobalSection(ProjectConfigurationPlatforms) = postSolution
		{BAAC598E-67BD-470E-BDF9-BAA1F1C95F5B}.Debug|Any CPU.ActiveCfg = Debug|Any CPU
		{BAAC598E-67BD-470E-BDF9-BAA1F1C95F5B}.Debug|Any CPU.Build.0 = Debug|Any CPU
		{BAAC598E-67BD-470E-BDF9-BAA1F1C95F5B}.Release|Any CPU.ActiveCfg = Release|Any CPU
		{BAAC598E-67BD-470E-BDF9-BAA1F1C95F5B}.Release|Any CPU.Build.0 = Release|Any CPU
		{313FC384-3B34-4E92-A374-5D8ABE60C8CC}.Debug|Any CPU.ActiveCfg = Debug|Any CPU
		{313FC384-3B34-4E92-A374-5D8ABE60C8CC}.Debug|Any CPU.Build.0 = Debug|Any CPU
		{313FC384-3B34-4E92-A374-5D8ABE60C8CC}.Release|Any CPU.ActiveCfg = Release|Any CPU
		{313FC384-3B34-4E92-A374-5D8ABE60C8CC}.Release|Any CPU.Build.0 = Release|Any CPU
	EndGlobalSection
	GlobalSection(SolutionProperties) = preSolution
		HideSolutionNode = FALSE
	EndGlobalSection
	GlobalSection(ExtensibilityGlobals) = postSolution
		SolutionGuid = {236A4009-D4D4-47BA-9E51-195FBBAA02E7}
	EndGlobalSection
EndGlobal
